
Microsoft Visual Studio Solution File, Format Version 10.00
# Visual C# Express 2008
Project("{FAE04EC0-301F-11D3-BF4B-00C04F79EFBC}") = "3DModelPreProcessing2x", "3DModelPreProcessing\3DModelPreProcessing2x.csproj", "{A49ABC7B-F87B-47B7-A853-77384AA8BB3E}"
	ProjectSection(ProjectDependencies) = postProject
		{3D1D831E-6F65-43A9-AD76-7F4E3905A527} = {3D1D831E-6F65-43A9-AD76-7F4E3905A527}
		{A653D8EB-6FEE-4A6E-BB7B-4C7BCFACC094} = {A653D8EB-6FEE-4A6E-BB7B-4C7BCFACC094}
	EndProjectSection
EndProject
Project("{FAE04EC0-301F-11D3-BF4B-00C04F79EFBC}") = "PreprocessingFramework", "PreprocessingFramework\PreprocessingFramework.csproj", "{3D1D831E-6F65-43A9-AD76-7F4E3905A527}"
	ProjectSection(ProjectDependencies) = postProject
		{26FC15DE-EFDA-403A-8284-1E2A4AE8A9D8} = {26FC15DE-EFDA-403A-8284-1E2A4AE8A9D8}
	EndProjectSection
EndProject
Project("{FAE04EC0-301F-11D3-BF4B-00C04F79EFBC}") = "Preprocessing", "PreprocessingAlgorithms\Preprocessing.csproj", "{A653D8EB-6FEE-4A6E-BB7B-4C7BCFACC094}"
	ProjectSection(ProjectDependencies) = postProject
		{3D1D831E-6F65-43A9-AD76-7F4E3905A527} = {3D1D831E-6F65-43A9-AD76-7F4E3905A527}
		{26FC15DE-EFDA-403A-8284-1E2A4AE8A9D8} = {26FC15DE-EFDA-403A-8284-1E2A4AE8A9D8}
	EndProjectSection
EndProject
Project("{FAE04EC0-301F-11D3-BF4B-00C04F79EFBC}") = "Iridium", "MathIridiumLib\Iridium.csproj", "{26FC15DE-EFDA-403A-8284-1E2A4AE8A9D8}"
EndProject
Global
	GlobalSection(SolutionConfigurationPlatforms) = preSolution
		Debug|Any CPU = Debug|Any CPU
		Release|Any CPU = Release|Any CPU
	EndGlobalSection
	GlobalSection(ProjectConfigurationPlatforms) = postSolution
		{A49ABC7B-F87B-47B7-A853-77384AA8BB3E}.Debug|Any CPU.ActiveCfg = Debug|Any CPU
		{A49ABC7B-F87B-47B7-A853-77384AA8BB3E}.Debug|Any CPU.Build.0 = Debug|Any CPU
		{A49ABC7B-F87B-47B7-A853-77384AA8BB3E}.Release|Any CPU.ActiveCfg = Release|Any CPU
		{A49ABC7B-F87B-47B7-A853-77384AA8BB3E}.Release|Any CPU.Build.0 = Release|Any CPU
		{3D1D831E-6F65-43A9-AD76-7F4E3905A527}.Debug|Any CPU.ActiveCfg = Debug|Any CPU
		{3D1D831E-6F65-43A9-AD76-7F4E3905A527}.Debug|Any CPU.Build.0 = Debug|Any CPU
		{3D1D831E-6F65-43A9-AD76-7F4E3905A527}.Release|Any CPU.ActiveCfg = Release|Any CPU
		{3D1D831E-6F65-43A9-AD76-7F4E3905A527}.Release|Any CPU.Build.0 = Release|Any CPU
		{A653D8EB-6FEE-4A6E-BB7B-4C7BCFACC094}.Debug|Any CPU.ActiveCfg = Debug|Any CPU
		{A653D8EB-6FEE-4A6E-BB7B-4C7BCFACC094}.Debug|Any CPU.Build.0 = Debug|Any CPU
		{A653D8EB-6FEE-4A6E-BB7B-4C7BCFACC094}.Release|Any CPU.ActiveCfg = Release|Any CPU
		{A653D8EB-6FEE-4A6E-BB7B-4C7BCFACC094}.Release|Any CPU.Build.0 = Release|Any CPU
		{26FC15DE-EFDA-403A-8284-1E2A4AE8A9D8}.Debug|Any CPU.ActiveCfg = Debug|Any CPU
		{26FC15DE-EFDA-403A-8284-1E2A4AE8A9D8}.Debug|Any CPU.Build.0 = Debug|Any CPU
		{26FC15DE-EFDA-403A-8284-1E2A4AE8A9D8}.Release|Any CPU.ActiveCfg = Release|Any CPU
		{26FC15DE-EFDA-403A-8284-1E2A4AE8A9D8}.Release|Any CPU.Build.0 = Release|Any CPU
	EndGlobalSection
	GlobalSection(SolutionProperties) = preSolution
		HideSolutionNode = FALSE
	EndGlobalSection
EndGlobal
